{
  "version": 4,
  "terraform_version": "1.3.6",
  "serial": 37,
  "lineage": "9285b3a0-fd3f-6d5f-c256-724221d76c23",
  "outputs": {},
  "resources": [
    {
      "mode": "managed",
      "type": "azurerm_public_ip",
      "name": "OC_public_ip",
      "provider": "provider[\"registry.terraform.io/hashicorp/azurerm\"]",
      "instances": [
        {
          "schema_version": 0,
          "attributes": {
            "allocation_method": "Dynamic",
            "domain_name_label": null,
            "edge_zone": "",
            "fqdn": null,
            "id": "/subscriptions/ce16577b-cb31-4625-8d5f-4759488e7433/resourceGroups/Test-Orbital-Constructor_RG/providers/Microsoft.Network/publicIPAddresses/Test-OC_public_ip",
            "idle_timeout_in_minutes": 4,
            "ip_address": "",
            "ip_tags": null,
            "ip_version": "IPv4",
            "location": "eastus",
            "name": "Test-OC_public_ip",
            "public_ip_prefix_id": null,
            "resource_group_name": "Test-Orbital-Constructor_RG",
            "reverse_fqdn": null,
            "sku": "Basic",
            "sku_tier": "Regional",
            "tags": null,
            "timeouts": null,
            "zones": null
          },
          "sensitive_attributes": [],
          "private": "eyJlMmJmYjczMC1lY2FhLTExZTYtOGY4OC0zNDM2M2JjN2M0YzAiOnsiY3JlYXRlIjoxODAwMDAwMDAwMDAwLCJkZWxldGUiOjE4MDAwMDAwMDAwMDAsInJlYWQiOjMwMDAwMDAwMDAwMCwidXBkYXRlIjoxODAwMDAwMDAwMDAwfX0="
        }
      ]
    },
    {
      "mode": "managed",
      "type": "azurerm_resource_group",
      "name": "orbital_constructor_rg",
      "provider": "provider[\"registry.terraform.io/hashicorp/azurerm\"]",
      "instances": [
        {
          "schema_version": 0,
          "attributes": {
            "id": "/subscriptions/ce16577b-cb31-4625-8d5f-4759488e7433/resourceGroups/Test-Orbital-Constructor_RG",
            "location": "eastus",
            "name": "Test-Orbital-Constructor_RG",
            "tags": null,
            "timeouts": null
          },
          "sensitive_attributes": [],
          "private": "eyJlMmJmYjczMC1lY2FhLTExZTYtOGY4OC0zNDM2M2JjN2M0YzAiOnsiY3JlYXRlIjo1NDAwMDAwMDAwMDAwLCJkZWxldGUiOjU0MDAwMDAwMDAwMDAsInJlYWQiOjMwMDAwMDAwMDAwMCwidXBkYXRlIjo1NDAwMDAwMDAwMDAwfX0="
        }
      ]
    },
    {
      "module": "module.create_the_orbital_constructor_network",
      "mode": "managed",
      "type": "azurerm_network_security_group",
      "name": "network_security_groups",
      "provider": "provider[\"registry.terraform.io/hashicorp/azurerm\"]",
      "instances": [
        {
          "index_key": "Barrier",
          "schema_version": 0,
          "attributes": {
            "id": "/subscriptions/ce16577b-cb31-4625-8d5f-4759488e7433/resourceGroups/Test-Orbital-Constructor_RG/providers/Microsoft.Network/networkSecurityGroups/OC_SG_Barrier",
            "location": "eastus",
            "name": "OC_SG_Barrier",
            "resource_group_name": "Test-Orbital-Constructor_RG",
            "security_rule": [],
            "tags": null,
            "timeouts": null
          },
          "sensitive_attributes": [],
          "private": "eyJlMmJmYjczMC1lY2FhLTExZTYtOGY4OC0zNDM2M2JjN2M0YzAiOnsiY3JlYXRlIjoxODAwMDAwMDAwMDAwLCJkZWxldGUiOjE4MDAwMDAwMDAwMDAsInJlYWQiOjMwMDAwMDAwMDAwMCwidXBkYXRlIjoxODAwMDAwMDAwMDAwfX0="
        },
        {
          "index_key": "High-Trust",
          "schema_version": 0,
          "attributes": {
            "id": "/subscriptions/ce16577b-cb31-4625-8d5f-4759488e7433/resourceGroups/Test-Orbital-Constructor_RG/providers/Microsoft.Network/networkSecurityGroups/OC_SG_High_Trust",
            "location": "eastus",
            "name": "OC_SG_High_Trust",
            "resource_group_name": "Test-Orbital-Constructor_RG",
            "security_rule": [],
            "tags": null,
            "timeouts": null
          },
          "sensitive_attributes": [],
          "private": "eyJlMmJmYjczMC1lY2FhLTExZTYtOGY4OC0zNDM2M2JjN2M0YzAiOnsiY3JlYXRlIjoxODAwMDAwMDAwMDAwLCJkZWxldGUiOjE4MDAwMDAwMDAwMDAsInJlYWQiOjMwMDAwMDAwMDAwMCwidXBkYXRlIjoxODAwMDAwMDAwMDAwfX0="
        },
        {
          "index_key": "Low-Trust",
          "schema_version": 0,
          "attributes": {
            "id": "/subscriptions/ce16577b-cb31-4625-8d5f-4759488e7433/resourceGroups/Test-Orbital-Constructor_RG/providers/Microsoft.Network/networkSecurityGroups/OC_SG_Low_Trust",
            "location": "eastus",
            "name": "OC_SG_Low_Trust",
            "resource_group_name": "Test-Orbital-Constructor_RG",
            "security_rule": [],
            "tags": null,
            "timeouts": null
          },
          "sensitive_attributes": [],
          "private": "eyJlMmJmYjczMC1lY2FhLTExZTYtOGY4OC0zNDM2M2JjN2M0YzAiOnsiY3JlYXRlIjoxODAwMDAwMDAwMDAwLCJkZWxldGUiOjE4MDAwMDAwMDAwMDAsInJlYWQiOjMwMDAwMDAwMDAwMCwidXBkYXRlIjoxODAwMDAwMDAwMDAwfX0="
        },
        {
          "index_key": "Management",
          "schema_version": 0,
          "attributes": {
            "id": "/subscriptions/ce16577b-cb31-4625-8d5f-4759488e7433/resourceGroups/Test-Orbital-Constructor_RG/providers/Microsoft.Network/networkSecurityGroups/OC_SG_Management",
            "location": "eastus",
            "name": "OC_SG_Management",
            "resource_group_name": "Test-Orbital-Constructor_RG",
            "security_rule": [],
            "tags": null,
            "timeouts": null
          },
          "sensitive_attributes": [],
          "private": "eyJlMmJmYjczMC1lY2FhLTExZTYtOGY4OC0zNDM2M2JjN2M0YzAiOnsiY3JlYXRlIjoxODAwMDAwMDAwMDAwLCJkZWxldGUiOjE4MDAwMDAwMDAwMDAsInJlYWQiOjMwMDAwMDAwMDAwMCwidXBkYXRlIjoxODAwMDAwMDAwMDAwfX0="
        }
      ]
    }
  ],
  "check_results": null
}
